
Microsoft Visual Studio Solution File, Format Version 12.00
# Visual Studio Version 17
VisualStudioVersion = 17.10.34928.147
MinimumVisualStudioVersion = 10.0.40219.1
Project("{FAE04EC0-301F-11D3-BF4B-00C04F79EFBC}") = "chuteNumero", "chuteNumero\chuteNumero.csproj", "{D00329F4-F40C-4514-8E4C-24CDEFD9AACE}"
EndProject
Global
	GlobalSection(SolutionConfigurationPlatforms) = preSolution
		Debug|Any CPU = Debug|Any CPU
		Release|Any CPU = Release|Any CPU
	EndGlobalSection
	GlobalSection(ProjectConfigurationPlatforms) = postSolution
		{D00329F4-F40C-4514-8E4C-24CDEFD9AACE}.Debug|Any CPU.ActiveCfg = Debug|Any CPU
		{D00329F4-F40C-4514-8E4C-24CDEFD9AACE}.Debug|Any CPU.Build.0 = Debug|Any CPU
		{D00329F4-F40C-4514-8E4C-24CDEFD9AACE}.Release|Any CPU.ActiveCfg = Release|Any CPU
		{D00329F4-F40C-4514-8E4C-24CDEFD9AACE}.Release|Any CPU.Build.0 = Release|Any CPU
	EndGlobalSection
	GlobalSection(SolutionProperties) = preSolution
		HideSolutionNode = FALSE
	EndGlobalSection
	GlobalSection(ExtensibilityGlobals) = postSolution
		SolutionGuid = {5D2C1AF4-309B-4D17-BD31-736863FC22E8}
	EndGlobalSection
EndGlobal
